
Microsoft Visual Studio Solution File, Format Version 12.00
# Visual Studio 14
VisualStudioVersion = 14.0.25420.1
MinimumVisualStudioVersion = 10.0.40219.1
Project("{FAE04EC0-301F-11D3-BF4B-00C04F79EFBC}") = "Lecture_22_10_2016_Introduction", "Lecture_22_10_2016_Introduction\Lecture_22_10_2016_Introduction.csproj", "{95C27966-7167-4BCC-A722-8CE55C48656F}"
EndProject
Project("{FAE04EC0-301F-11D3-BF4B-00C04F79EFBC}") = "29_10_2016", "29_10_2016\29_10_2016.csproj", "{C1258CB4-1F8E-4283-90E2-41A6F85A3C9A}"
EndProject
Project("{FAE04EC0-301F-11D3-BF4B-00C04F79EFBC}") = "CommonClasses", "CommonClasses\CommonClasses.csproj", "{106F3BDC-1DF5-4612-B4EB-893FBFF2C8A8}"
EndProject
Project("{FAE04EC0-301F-11D3-BF4B-00C04F79EFBC}") = "Lecture_05_11_2016", "Lecture_05_11_2016\Lecture_05_11_2016.csproj", "{DF50B0E6-BCC9-4F4A-8579-6845386519D8}"
EndProject
Project("{FAE04EC0-301F-11D3-BF4B-00C04F79EFBC}") = "Lecture_12_11", "Lecture_12_11\Lecture_12_11.csproj", "{37D3B873-BEF7-409B-A157-DF84581EF68E}"
EndProject
Project("{FAE04EC0-301F-11D3-BF4B-00C04F79EFBC}") = "Lecture_19_11_2016", "Lecture_19_11_2016\Lecture_19_11_2016.csproj", "{5BDE3BAC-D0AF-439C-8F31-D1330678E973}"
EndProject
Project("{FAE04EC0-301F-11D3-BF4B-00C04F79EFBC}") = "Lecture_26_11_2016", "Lecture_26_11_2016\Lecture_26_11_2016.csproj", "{CEA5FF8A-0988-4F1E-B127-2FF4C17B8652}"
EndProject
Project("{FAE04EC0-301F-11D3-BF4B-00C04F79EFBC}") = "Lecture_2016_12_03", "Lecture_2016_12_03\Lecture_2016_12_03.csproj", "{01E3775D-D698-4898-9F10-67CBAB060593}"
EndProject
Project("{FAE04EC0-301F-11D3-BF4B-00C04F79EFBC}") = "2016_12_10", "2016_12_10\2016_12_10.csproj", "{A317075A-9B4B-4F24-8FA2-17546489A51C}"
EndProject
Project("{FAE04EC0-301F-11D3-BF4B-00C04F79EFBC}") = "Lecture_2016_12_17_Files", "Lecture_2016_12_17_Files\Lecture_2016_12_17_Files.csproj", "{FCBE8206-0AD2-4476-92AE-22B4066F9E6D}"
EndProject
Project("{FAE04EC0-301F-11D3-BF4B-00C04F79EFBC}") = "Lecture_24_12_2016", "Lecture_24_12_2016\Lecture_24_12_2016.csproj", "{25813089-A9D1-4CEF-81F2-769024AF71C9}"
EndProject
Project("{FAE04EC0-301F-11D3-BF4B-00C04F79EFBC}") = "Lecture_24_12_20162", "Lecture_24_12_20162\Lecture_24_12_20162.csproj", "{71B454CA-8E0B-429A-9882-E0E172FC0542}"
EndProject
Project("{FAE04EC0-301F-11D3-BF4B-00C04F79EFBC}") = "WindowsFormsApplication4", "WindowsFormsApplication4\WindowsFormsApplication4.csproj", "{93673D60-0467-43EA-AF21-43F239688ACE}"
EndProject
Project("{FAE04EC0-301F-11D3-BF4B-00C04F79EFBC}") = "14_01_2017", "14_01_2017\14_01_2017.csproj", "{8B882266-0A0D-4562-A94E-52F4127A9583}"
EndProject
Project("{FAE04EC0-301F-11D3-BF4B-00C04F79EFBC}") = "14_01_2017_2", "14_01_2017_2\14_01_2017_2.csproj", "{0169DE81-6EA9-4545-ACF6-2AEABD4B21C3}"
EndProject
Project("{FAE04EC0-301F-11D3-BF4B-00C04F79EFBC}") = "21_01_2017", "21_01_2017\21_01_2017.csproj", "{333C6ED3-A7C6-463B-BDB9-043247FB1AE0}"
EndProject
Project("{FAE04EC0-301F-11D3-BF4B-00C04F79EFBC}") = "WindowsFormsApplication5", "WindowsFormsApplication5\WindowsFormsApplication5.csproj", "{EB46E8CB-324F-4809-836F-09AA655BB6AC}"
EndProject
Project("{FAE04EC0-301F-11D3-BF4B-00C04F79EFBC}") = "WindowsFormsApplication6", "WindowsFormsApplication6\WindowsFormsApplication6.csproj", "{C2822456-B978-40DE-A297-F34FFF3575E8}"
EndProject
Project("{FAE04EC0-301F-11D3-BF4B-00C04F79EFBC}") = "WindowsFormsApplication7", "WindowsFormsApplication7\WindowsFormsApplication7.csproj", "{66EE5175-0661-4E08-A009-597D5AC6FDB7}"
EndProject
Project("{FAE04EC0-301F-11D3-BF4B-00C04F79EFBC}") = "Exam", "Exam\Exam.csproj", "{5D431146-FBA8-437C-B194-E67883969823}"
EndProject
Global
	GlobalSection(SolutionConfigurationPlatforms) = preSolution
		Debug|Any CPU = Debug|Any CPU
		Release|Any CPU = Release|Any CPU
	EndGlobalSection
	GlobalSection(ProjectConfigurationPlatforms) = postSolution
		{95C27966-7167-4BCC-A722-8CE55C48656F}.Debug|Any CPU.ActiveCfg = Debug|Any CPU
		{95C27966-7167-4BCC-A722-8CE55C48656F}.Debug|Any CPU.Build.0 = Debug|Any CPU
		{95C27966-7167-4BCC-A722-8CE55C48656F}.Release|Any CPU.ActiveCfg = Release|Any CPU
		{95C27966-7167-4BCC-A722-8CE55C48656F}.Release|Any CPU.Build.0 = Release|Any CPU
		{C1258CB4-1F8E-4283-90E2-41A6F85A3C9A}.Debug|Any CPU.ActiveCfg = Debug|Any CPU
		{C1258CB4-1F8E-4283-90E2-41A6F85A3C9A}.Debug|Any CPU.Build.0 = Debug|Any CPU
		{C1258CB4-1F8E-4283-90E2-41A6F85A3C9A}.Release|Any CPU.ActiveCfg = Release|Any CPU
		{C1258CB4-1F8E-4283-90E2-41A6F85A3C9A}.Release|Any CPU.Build.0 = Release|Any CPU
		{106F3BDC-1DF5-4612-B4EB-893FBFF2C8A8}.Debug|Any CPU.ActiveCfg = Debug|Any CPU
		{106F3BDC-1DF5-4612-B4EB-893FBFF2C8A8}.Debug|Any CPU.Build.0 = Debug|Any CPU
		{106F3BDC-1DF5-4612-B4EB-893FBFF2C8A8}.Release|Any CPU.ActiveCfg = Release|Any CPU
		{106F3BDC-1DF5-4612-B4EB-893FBFF2C8A8}.Release|Any CPU.Build.0 = Release|Any CPU
		{DF50B0E6-BCC9-4F4A-8579-6845386519D8}.Debug|Any CPU.ActiveCfg = Debug|Any CPU
		{DF50B0E6-BCC9-4F4A-8579-6845386519D8}.Debug|Any CPU.Build.0 = Debug|Any CPU
		{DF50B0E6-BCC9-4F4A-8579-6845386519D8}.Release|Any CPU.ActiveCfg = Release|Any CPU
		{DF50B0E6-BCC9-4F4A-8579-6845386519D8}.Release|Any CPU.Build.0 = Release|Any CPU
		{37D3B873-BEF7-409B-A157-DF84581EF68E}.Debug|Any CPU.ActiveCfg = Debug|Any CPU
		{37D3B873-BEF7-409B-A157-DF84581EF68E}.Debug|Any CPU.Build.0 = Debug|Any CPU
		{37D3B873-BEF7-409B-A157-DF84581EF68E}.Release|Any CPU.ActiveCfg = Release|Any CPU
		{37D3B873-BEF7-409B-A157-DF84581EF68E}.Release|Any CPU.Build.0 = Release|Any CPU
		{5BDE3BAC-D0AF-439C-8F31-D1330678E973}.Debug|Any CPU.ActiveCfg = Debug|Any CPU
		{5BDE3BAC-D0AF-439C-8F31-D1330678E973}.Debug|Any CPU.Build.0 = Debug|Any CPU
		{5BDE3BAC-D0AF-439C-8F31-D1330678E973}.Release|Any CPU.ActiveCfg = Release|Any CPU
		{5BDE3BAC-D0AF-439C-8F31-D1330678E973}.Release|Any CPU.Build.0 = Release|Any CPU
		{CEA5FF8A-0988-4F1E-B127-2FF4C17B8652}.Debug|Any CPU.ActiveCfg = Debug|Any CPU
		{CEA5FF8A-0988-4F1E-B127-2FF4C17B8652}.Debug|Any CPU.Build.0 = Debug|Any CPU
		{CEA5FF8A-0988-4F1E-B127-2FF4C17B8652}.Release|Any CPU.ActiveCfg = Release|Any CPU
		{CEA5FF8A-0988-4F1E-B127-2FF4C17B8652}.Release|Any CPU.Build.0 = Release|Any CPU
		{01E3775D-D698-4898-9F10-67CBAB060593}.Debug|Any CPU.ActiveCfg = Debug|Any CPU
		{01E3775D-D698-4898-9F10-67CBAB060593}.Debug|Any CPU.Build.0 = Debug|Any CPU
		{01E3775D-D698-4898-9F10-67CBAB060593}.Release|Any CPU.ActiveCfg = Release|Any CPU
		{01E3775D-D698-4898-9F10-67CBAB060593}.Release|Any CPU.Build.0 = Release|Any CPU
		{A317075A-9B4B-4F24-8FA2-17546489A51C}.Debug|Any CPU.ActiveCfg = Debug|Any CPU
		{A317075A-9B4B-4F24-8FA2-17546489A51C}.Debug|Any CPU.Build.0 = Debug|Any CPU
		{A317075A-9B4B-4F24-8FA2-17546489A51C}.Release|Any CPU.ActiveCfg = Release|Any CPU
		{A317075A-9B4B-4F24-8FA2-17546489A51C}.Release|Any CPU.Build.0 = Release|Any CPU
		{FCBE8206-0AD2-4476-92AE-22B4066F9E6D}.Debug|Any CPU.ActiveCfg = Debug|Any CPU
		{FCBE8206-0AD2-4476-92AE-22B4066F9E6D}.Debug|Any CPU.Build.0 = Debug|Any CPU
		{FCBE8206-0AD2-4476-92AE-22B4066F9E6D}.Release|Any CPU.ActiveCfg = Release|Any CPU
		{FCBE8206-0AD2-4476-92AE-22B4066F9E6D}.Release|Any CPU.Build.0 = Release|Any CPU
		{25813089-A9D1-4CEF-81F2-769024AF71C9}.Debug|Any CPU.ActiveCfg = Debug|Any CPU
		{25813089-A9D1-4CEF-81F2-769024AF71C9}.Debug|Any CPU.Build.0 = Debug|Any CPU
		{25813089-A9D1-4CEF-81F2-769024AF71C9}.Release|Any CPU.ActiveCfg = Release|Any CPU
		{25813089-A9D1-4CEF-81F2-769024AF71C9}.Release|Any CPU.Build.0 = Release|Any CPU
		{71B454CA-8E0B-429A-9882-E0E172FC0542}.Debug|Any CPU.ActiveCfg = Debug|Any CPU
		{71B454CA-8E0B-429A-9882-E0E172FC0542}.Debug|Any CPU.Build.0 = Debug|Any CPU
		{71B454CA-8E0B-429A-9882-E0E172FC0542}.Release|Any CPU.ActiveCfg = Release|Any CPU
		{71B454CA-8E0B-429A-9882-E0E172FC0542}.Release|Any CPU.Build.0 = Release|Any CPU
		{93673D60-0467-43EA-AF21-43F239688ACE}.Debug|Any CPU.ActiveCfg = Debug|Any CPU
		{93673D60-0467-43EA-AF21-43F239688ACE}.Debug|Any CPU.Build.0 = Debug|Any CPU
		{93673D60-0467-43EA-AF21-43F239688ACE}.Release|Any CPU.ActiveCfg = Release|Any CPU
		{93673D60-0467-43EA-AF21-43F239688ACE}.Release|Any CPU.Build.0 = Release|Any CPU
		{8B882266-0A0D-4562-A94E-52F4127A9583}.Debug|Any CPU.ActiveCfg = Debug|Any CPU
		{8B882266-0A0D-4562-A94E-52F4127A9583}.Debug|Any CPU.Build.0 = Debug|Any CPU
		{8B882266-0A0D-4562-A94E-52F4127A9583}.Release|Any CPU.ActiveCfg = Release|Any CPU
		{8B882266-0A0D-4562-A94E-52F4127A9583}.Release|Any CPU.Build.0 = Release|Any CPU
		{0169DE81-6EA9-4545-ACF6-2AEABD4B21C3}.Debug|Any CPU.ActiveCfg = Debug|Any CPU
		{0169DE81-6EA9-4545-ACF6-2AEABD4B21C3}.Debug|Any CPU.Build.0 = Debug|Any CPU
		{0169DE81-6EA9-4545-ACF6-2AEABD4B21C3}.Release|Any CPU.ActiveCfg = Release|Any CPU
		{0169DE81-6EA9-4545-ACF6-2AEABD4B21C3}.Release|Any CPU.Build.0 = Release|Any CPU
		{333C6ED3-A7C6-463B-BDB9-043247FB1AE0}.Debug|Any CPU.ActiveCfg = Debug|Any CPU
		{333C6ED3-A7C6-463B-BDB9-043247FB1AE0}.Debug|Any CPU.Build.0 = Debug|Any CPU
		{333C6ED3-A7C6-463B-BDB9-043247FB1AE0}.Release|Any CPU.ActiveCfg = Release|Any CPU
		{333C6ED3-A7C6-463B-BDB9-043247FB1AE0}.Release|Any CPU.Build.0 = Release|Any CPU
		{EB46E8CB-324F-4809-836F-09AA655BB6AC}.Debug|Any CPU.ActiveCfg = Debug|Any CPU
		{EB46E8CB-324F-4809-836F-09AA655BB6AC}.Debug|Any CPU.Build.0 = Debug|Any CPU
		{EB46E8CB-324F-4809-836F-09AA655BB6AC}.Release|Any CPU.ActiveCfg = Release|Any CPU
		{EB46E8CB-324F-4809-836F-09AA655BB6AC}.Release|Any CPU.Build.0 = Release|Any CPU
		{C2822456-B978-40DE-A297-F34FFF3575E8}.Debug|Any CPU.ActiveCfg = Debug|Any CPU
		{C2822456-B978-40DE-A297-F34FFF3575E8}.Debug|Any CPU.Build.0 = Debug|Any CPU
		{C2822456-B978-40DE-A297-F34FFF3575E8}.Release|Any CPU.ActiveCfg = Release|Any CPU
		{C2822456-B978-40DE-A297-F34FFF3575E8}.Release|Any CPU.Build.0 = Release|Any CPU
		{66EE5175-0661-4E08-A009-597D5AC6FDB7}.Debug|Any CPU.ActiveCfg = Debug|Any CPU
		{66EE5175-0661-4E08-A009-597D5AC6FDB7}.Debug|Any CPU.Build.0 = Debug|Any CPU
		{66EE5175-0661-4E08-A009-597D5AC6FDB7}.Release|Any CPU.ActiveCfg = Release|Any CPU
		{66EE5175-0661-4E08-A009-597D5AC6FDB7}.Release|Any CPU.Build.0 = Release|Any CPU
		{5D431146-FBA8-437C-B194-E67883969823}.Debug|Any CPU.ActiveCfg = Debug|Any CPU
		{5D431146-FBA8-437C-B194-E67883969823}.Debug|Any CPU.Build.0 = Debug|Any CPU
		{5D431146-FBA8-437C-B194-E67883969823}.Release|Any CPU.ActiveCfg = Release|Any CPU
		{5D431146-FBA8-437C-B194-E67883969823}.Release|Any CPU.Build.0 = Release|Any CPU
	EndGlobalSection
	GlobalSection(SolutionProperties) = preSolution
		HideSolutionNode = FALSE
	EndGlobalSection
EndGlobal
